github.com/wowchemy/wowchemy-hugo-modules v0.29.0 h1:tmZeM85lHRB8U0L6xT5bLFgq6p84CqmjM4FMRK1B1jg=
github.com/wowchemy/wowchemy-hugo-modules v4.8.0+incompatible h1:bWdYezLML3TZq5H0Rot4Urwl6HBl1uok5xIDOTqcWC8=
github.com/wowchemy/wowchemy-hugo-modules/netlify-cms-academic v0.0.0-20210114210141-273405e59be6 h1:9Lft1rvL0J8/KtoFcdkhSwUnNyP9zMy5cBzfp9D60Ts=
github.com/wowchemy/wowchemy-hugo-modules/netlify-cms-academic v0.0.0-20210114210141-273405e59be6/go.mod h1:TU3QDPUdBSQnvDP5QVCwjAkBIdVMS/bKFA8jr3eI5AY=
github.com/wowchemy/wowchemy-hugo-modules/netlify-cms-academic v0.0.0-20210116234944-9f5c626c8f9f h1:aRH9w3I5W8VouMS56m+9H38wpTId6OIoCKPoR5YUSco=
github.com/wowchemy/wowchemy-hugo-modules/netlify-cms-academic v0.0.0-20210116234944-9f5c626c8f9f/go.mod h1:TU3QDPUdBSQnvDP5QVCwjAkBIdVMS/bKFA8jr3eI5AY=
github.com/wowchemy/wowchemy-hugo-modules/wowchemy v0.0.0-20210114210141-273405e59be6 h1:O1l0Iv9GlvyHfKDc9FivBJO4aDXaTS5hKesa2Zoo+hY=
github.com/wowchemy/wowchemy-hugo-modules/wowchemy v0.0.0-20210114210141-273405e59be6/go.mod h1:H22qfH9qj3FWwsk7+bAZpmT24yRGNQURah2/IRwjbn8=
github.com/wowchemy/wowchemy-hugo-modules/wowchemy v0.0.0-20210116234944-9f5c626c8f9f h1:KrTCYnakV17GchUUgPZVAo6bLjy68WJTynSg87H6xpk=
github.com/wowchemy/wowchemy-hugo-modules/wowchemy v0.0.0-20210116234944-9f5c626c8f9f/go.mod h1:H22qfH9qj3FWwsk7+bAZpmT24yRGNQURah2/IRwjbn8=
