github.com/wowchemy/wowchemy-hugo-modules v0.29.1-0.20210211185922-b811f9a1bb9c h1:AKbp/+NPJ6RBUB7MufbwqzD+9R/xA0iO6d9byNcHMPg=
github.com/wowchemy/wowchemy-hugo-modules/netlify-cms-academic v0.0.0-20210127225730-4ac1c6aa1a40 h1:qTDiwSNIpSWvBepaw1PlZj4QBvo75Nf5DxsSP8JZtbo=
github.com/wowchemy/wowchemy-hugo-modules/netlify-cms-academic v0.0.0-20210127225730-4ac1c6aa1a40/go.mod h1:TU3QDPUdBSQnvDP5QVCwjAkBIdVMS/bKFA8jr3eI5AY=
github.com/wowchemy/wowchemy-hugo-modules/wowchemy v0.0.0-20210127225730-4ac1c6aa1a40 h1:mheZDz5DcXq/x8APxFv7pOLtUkuD2qMgz8GGBO1BXrM=
github.com/wowchemy/wowchemy-hugo-modules/wowchemy v0.0.0-20210127225730-4ac1c6aa1a40/go.mod h1:H22qfH9qj3FWwsk7+bAZpmT24yRGNQURah2/IRwjbn8=
github.com/wowchemy/wowchemy-hugo-modules/wowchemy v0.0.0-20210211185922-b811f9a1bb9c h1:rcd9H2OHyw3xiu2H140g22AUvYZPBfvynAyTfubpvg4=
github.com/wowchemy/wowchemy-hugo-modules/wowchemy v0.0.0-20210211185922-b811f9a1bb9c/go.mod h1:H22qfH9qj3FWwsk7+bAZpmT24yRGNQURah2/IRwjbn8=
github.com/wowchemy/wowchemy-hugo-modules/wowchemy-cms v0.0.0-20210211185922-b811f9a1bb9c h1:a5+8Lgpcomdgpz9pPDhKQ53RMbNkKmifQ3hNrYWA0dg=
github.com/wowchemy/wowchemy-hugo-modules/wowchemy-cms v0.0.0-20210211185922-b811f9a1bb9c/go.mod h1:AKpYbqUVlj0VYsc7Jsxe1o8Ko2yV31A5ZPdfpACcXJw=
