github.com/wowchemy/wowchemy-hugo-modules/wowchemy v0.0.0-20210221212403-e27cbaca79fc h1:KqQe0Fm+mlI+4pVmclPpgXNoNtBPO6P86P93K0soUxk=
github.com/wowchemy/wowchemy-hugo-modules/wowchemy v0.0.0-20210221212403-e27cbaca79fc/go.mod h1:H22qfH9qj3FWwsk7+bAZpmT24yRGNQURah2/IRwjbn8=
github.com/wowchemy/wowchemy-hugo-modules/wowchemy-cms v0.0.0-20210221212403-e27cbaca79fc h1:/dqq72u11rt1etV6QWdFrsEZIp/PCK+ia8SGnFi106w=
github.com/wowchemy/wowchemy-hugo-modules/wowchemy-cms v0.0.0-20210221212403-e27cbaca79fc/go.mod h1:AKpYbqUVlj0VYsc7Jsxe1o8Ko2yV31A5ZPdfpACcXJw=
